
Microsoft Visual Studio Solution File, Format Version 12.00
# Visual Studio Version 16
VisualStudioVersion = 16.0.31424.327
MinimumVisualStudioVersion = 10.0.40219.1
Project("{FAE04EC0-301F-11D3-BF4B-00C04F79EFBC}") = "webApi", "webApi\webApi.csproj", "{CC3B5E03-3821-45F5-8E3E-69D5EA3E6BB0}"
EndProject
Global
	GlobalSection(SolutionConfigurationPlatforms) = preSolution
		Debug|Any CPU = Debug|Any CPU
		Release|Any CPU = Release|Any CPU
	EndGlobalSection
	GlobalSection(ProjectConfigurationPlatforms) = postSolution
		{CC3B5E03-3821-45F5-8E3E-69D5EA3E6BB0}.Debug|Any CPU.ActiveCfg = Debug|Any CPU
		{CC3B5E03-3821-45F5-8E3E-69D5EA3E6BB0}.Debug|Any CPU.Build.0 = Debug|Any CPU
		{CC3B5E03-3821-45F5-8E3E-69D5EA3E6BB0}.Release|Any CPU.ActiveCfg = Release|Any CPU
		{CC3B5E03-3821-45F5-8E3E-69D5EA3E6BB0}.Release|Any CPU.Build.0 = Release|Any CPU
	EndGlobalSection
	GlobalSection(SolutionProperties) = preSolution
		HideSolutionNode = FALSE
	EndGlobalSection
	GlobalSection(ExtensibilityGlobals) = postSolution
		SolutionGuid = {EF66108C-5767-42E8-BD11-49C8F533E194}
	EndGlobalSection
EndGlobal
